
Microsoft Visual Studio Solution File, Format Version 12.00
# Visual Studio Version 16
VisualStudioVersion = 16.0.31515.178
MinimumVisualStudioVersion = 10.0.40219.1
Project("{8BC9CEB8-8B4A-11D0-8D11-00A0C91BC942}") = "Proyecto algorítmica la fifi", "Proyecto algorítmica la fifi.vcxproj", "{E0AF1C2E-B61A-49A9-8E72-CC45AAC2EE8F}"
EndProject
Global
	GlobalSection(SolutionConfigurationPlatforms) = preSolution
		Debug|x64 = Debug|x64
		Debug|x86 = Debug|x86
		Release|x64 = Release|x64
		Release|x86 = Release|x86
	EndGlobalSection
	GlobalSection(ProjectConfigurationPlatforms) = postSolution
		{E0AF1C2E-B61A-49A9-8E72-CC45AAC2EE8F}.Debug|x64.ActiveCfg = Debug|x64
		{E0AF1C2E-B61A-49A9-8E72-CC45AAC2EE8F}.Debug|x64.Build.0 = Debug|x64
		{E0AF1C2E-B61A-49A9-8E72-CC45AAC2EE8F}.Debug|x86.ActiveCfg = Debug|Win32
		{E0AF1C2E-B61A-49A9-8E72-CC45AAC2EE8F}.Debug|x86.Build.0 = Debug|Win32
		{E0AF1C2E-B61A-49A9-8E72-CC45AAC2EE8F}.Release|x64.ActiveCfg = Release|x64
		{E0AF1C2E-B61A-49A9-8E72-CC45AAC2EE8F}.Release|x64.Build.0 = Release|x64
		{E0AF1C2E-B61A-49A9-8E72-CC45AAC2EE8F}.Release|x86.ActiveCfg = Release|Win32
		{E0AF1C2E-B61A-49A9-8E72-CC45AAC2EE8F}.Release|x86.Build.0 = Release|Win32
	EndGlobalSection
	GlobalSection(SolutionProperties) = preSolution
		HideSolutionNode = FALSE
	EndGlobalSection
	GlobalSection(ExtensibilityGlobals) = postSolution
		SolutionGuid = {C9717AFC-A6C3-4D3F-A62C-6BFCB84A77B1}
	EndGlobalSection
EndGlobal
